
Microsoft Visual Studio Solution File, Format Version 12.00
# Visual Studio Version 17
VisualStudioVersion = 17.0.31903.59
MinimumVisualStudioVersion = 10.0.40219.1
Project("{FAE04EC0-301F-11D3-BF4B-00C04F79EFBC}") = "Raptor", "Raptor\Raptor.csproj", "{D1DD3827-90E9-4A46-8C7B-DBB142F0C25F}"
EndProject
Project("{FAE04EC0-301F-11D3-BF4B-00C04F79EFBC}") = "Raptor.Benchmarks", "Raptor.Benchmarks\Raptor.Benchmarks.csproj", "{DE5D5D0C-CD64-4092-8A29-4930A9EE6A14}"
EndProject
Project("{FAE04EC0-301F-11D3-BF4B-00C04F79EFBC}") = "Raptor.Tests", "Raptor.Tests\Raptor.Tests.csproj", "{D53513C8-1696-4C3C-8E07-2E795B9C06C0}"
EndProject
Project("{FAE04EC0-301F-11D3-BF4B-00C04F79EFBC}") = "Raptor.Cli", "Raptor.Cli\Raptor.Cli.csproj", "{8E44E7F1-74D3-426F-9974-A491E5934960}"
EndProject
Global
	GlobalSection(SolutionConfigurationPlatforms) = preSolution
		Debug|Any CPU = Debug|Any CPU
		Debug|x64 = Debug|x64
		Debug|x86 = Debug|x86
		Release|Any CPU = Release|Any CPU
		Release|x64 = Release|x64
		Release|x86 = Release|x86
	EndGlobalSection
	GlobalSection(ProjectConfigurationPlatforms) = postSolution
		{D1DD3827-90E9-4A46-8C7B-DBB142F0C25F}.Debug|Any CPU.ActiveCfg = Debug|Any CPU
		{D1DD3827-90E9-4A46-8C7B-DBB142F0C25F}.Debug|Any CPU.Build.0 = Debug|Any CPU
		{D1DD3827-90E9-4A46-8C7B-DBB142F0C25F}.Debug|x64.ActiveCfg = Debug|Any CPU
		{D1DD3827-90E9-4A46-8C7B-DBB142F0C25F}.Debug|x64.Build.0 = Debug|Any CPU
		{D1DD3827-90E9-4A46-8C7B-DBB142F0C25F}.Debug|x86.ActiveCfg = Debug|Any CPU
		{D1DD3827-90E9-4A46-8C7B-DBB142F0C25F}.Debug|x86.Build.0 = Debug|Any CPU
		{D1DD3827-90E9-4A46-8C7B-DBB142F0C25F}.Release|Any CPU.ActiveCfg = Release|Any CPU
		{D1DD3827-90E9-4A46-8C7B-DBB142F0C25F}.Release|Any CPU.Build.0 = Release|Any CPU
		{D1DD3827-90E9-4A46-8C7B-DBB142F0C25F}.Release|x64.ActiveCfg = Release|Any CPU
		{D1DD3827-90E9-4A46-8C7B-DBB142F0C25F}.Release|x64.Build.0 = Release|Any CPU
		{D1DD3827-90E9-4A46-8C7B-DBB142F0C25F}.Release|x86.ActiveCfg = Release|Any CPU
		{D1DD3827-90E9-4A46-8C7B-DBB142F0C25F}.Release|x86.Build.0 = Release|Any CPU
		{DE5D5D0C-CD64-4092-8A29-4930A9EE6A14}.Debug|Any CPU.ActiveCfg = Debug|Any CPU
		{DE5D5D0C-CD64-4092-8A29-4930A9EE6A14}.Debug|Any CPU.Build.0 = Debug|Any CPU
		{DE5D5D0C-CD64-4092-8A29-4930A9EE6A14}.Debug|x64.ActiveCfg = Debug|Any CPU
		{DE5D5D0C-CD64-4092-8A29-4930A9EE6A14}.Debug|x64.Build.0 = Debug|Any CPU
		{DE5D5D0C-CD64-4092-8A29-4930A9EE6A14}.Debug|x86.ActiveCfg = Debug|Any CPU
		{DE5D5D0C-CD64-4092-8A29-4930A9EE6A14}.Debug|x86.Build.0 = Debug|Any CPU
		{DE5D5D0C-CD64-4092-8A29-4930A9EE6A14}.Release|Any CPU.ActiveCfg = Release|Any CPU
		{DE5D5D0C-CD64-4092-8A29-4930A9EE6A14}.Release|Any CPU.Build.0 = Release|Any CPU
		{DE5D5D0C-CD64-4092-8A29-4930A9EE6A14}.Release|x64.ActiveCfg = Release|Any CPU
		{DE5D5D0C-CD64-4092-8A29-4930A9EE6A14}.Release|x64.Build.0 = Release|Any CPU
		{DE5D5D0C-CD64-4092-8A29-4930A9EE6A14}.Release|x86.ActiveCfg = Release|Any CPU
		{DE5D5D0C-CD64-4092-8A29-4930A9EE6A14}.Release|x86.Build.0 = Release|Any CPU
		{D53513C8-1696-4C3C-8E07-2E795B9C06C0}.Debug|Any CPU.ActiveCfg = Debug|Any CPU
		{D53513C8-1696-4C3C-8E07-2E795B9C06C0}.Debug|Any CPU.Build.0 = Debug|Any CPU
		{D53513C8-1696-4C3C-8E07-2E795B9C06C0}.Debug|x64.ActiveCfg = Debug|Any CPU
		{D53513C8-1696-4C3C-8E07-2E795B9C06C0}.Debug|x64.Build.0 = Debug|Any CPU
		{D53513C8-1696-4C3C-8E07-2E795B9C06C0}.Debug|x86.ActiveCfg = Debug|Any CPU
		{D53513C8-1696-4C3C-8E07-2E795B9C06C0}.Debug|x86.Build.0 = Debug|Any CPU
		{D53513C8-1696-4C3C-8E07-2E795B9C06C0}.Release|Any CPU.ActiveCfg = Release|Any CPU
		{D53513C8-1696-4C3C-8E07-2E795B9C06C0}.Release|Any CPU.Build.0 = Release|Any CPU
		{D53513C8-1696-4C3C-8E07-2E795B9C06C0}.Release|x64.ActiveCfg = Release|Any CPU
		{D53513C8-1696-4C3C-8E07-2E795B9C06C0}.Release|x64.Build.0 = Release|Any CPU
		{D53513C8-1696-4C3C-8E07-2E795B9C06C0}.Release|x86.ActiveCfg = Release|Any CPU
		{D53513C8-1696-4C3C-8E07-2E795B9C06C0}.Release|x86.Build.0 = Release|Any CPU
		{8E44E7F1-74D3-426F-9974-A491E5934960}.Debug|Any CPU.ActiveCfg = Debug|Any CPU
		{8E44E7F1-74D3-426F-9974-A491E5934960}.Debug|Any CPU.Build.0 = Debug|Any CPU
		{8E44E7F1-74D3-426F-9974-A491E5934960}.Debug|x64.ActiveCfg = Debug|Any CPU
		{8E44E7F1-74D3-426F-9974-A491E5934960}.Debug|x64.Build.0 = Debug|Any CPU
		{8E44E7F1-74D3-426F-9974-A491E5934960}.Debug|x86.ActiveCfg = Debug|Any CPU
		{8E44E7F1-74D3-426F-9974-A491E5934960}.Debug|x86.Build.0 = Debug|Any CPU
		{8E44E7F1-74D3-426F-9974-A491E5934960}.Release|Any CPU.ActiveCfg = Release|Any CPU
		{8E44E7F1-74D3-426F-9974-A491E5934960}.Release|Any CPU.Build.0 = Release|Any CPU
		{8E44E7F1-74D3-426F-9974-A491E5934960}.Release|x64.ActiveCfg = Release|Any CPU
		{8E44E7F1-74D3-426F-9974-A491E5934960}.Release|x64.Build.0 = Release|Any CPU
		{8E44E7F1-74D3-426F-9974-A491E5934960}.Release|x86.ActiveCfg = Release|Any CPU
		{8E44E7F1-74D3-426F-9974-A491E5934960}.Release|x86.Build.0 = Release|Any CPU
	EndGlobalSection
	GlobalSection(SolutionProperties) = preSolution
		HideSolutionNode = FALSE
	EndGlobalSection
EndGlobal
